// !$*UTF8*$!
{
	archiveVersion = 1;
	classes = {
	};
	objectVersion = 52;
	objects = {

/* Begin PBXBuildFile section */
		4098AB5263C81E6FBDBEB804 /* Pods_RetroEditorTests.framework in Frameworks */ = {isa = PBXBuildFile; fileRef = E1F9D20E90A2896FE74F0F37 /* Pods_RetroEditorTests.framework */; };
		7D3897382502AF7B0076AC3B /* ScrollFrameChanges.swift in Sources */ = {isa = PBXBuildFile; fileRef = 7D3897372502AF7B0076AC3B /* ScrollFrameChanges.swift */; };
		7D4AD55824FE843500CCF299 /* AppDelegate.swift in Sources */ = {isa = PBXBuildFile; fileRef = 7D4AD55724FE843500CCF299 /* AppDelegate.swift */; };
		7D4AD55A24FE843500CCF299 /* SceneDelegate.swift in Sources */ = {isa = PBXBuildFile; fileRef = 7D4AD55924FE843500CCF299 /* SceneDelegate.swift */; };
		7D4AD55E24FE843700CCF299 /* Assets.xcassets in Resources */ = {isa = PBXBuildFile; fileRef = 7D4AD55D24FE843700CCF299 /* Assets.xcassets */; };
		7D4AD56124FE843700CCF299 /* Preview Assets.xcassets in Resources */ = {isa = PBXBuildFile; fileRef = 7D4AD56024FE843700CCF299 /* Preview Assets.xcassets */; };
		7D4AD56424FE843700CCF299 /* LaunchScreen.storyboard in Resources */ = {isa = PBXBuildFile; fileRef = 7D4AD56224FE843700CCF299 /* LaunchScreen.storyboard */; };
		7D4AD56F24FE843700CCF299 /* RetroEditorTests.swift in Sources */ = {isa = PBXBuildFile; fileRef = 7D4AD56E24FE843700CCF299 /* RetroEditorTests.swift */; };
		7D4AD57B24FE848300CCF299 /* NavigationView.swift in Sources */ = {isa = PBXBuildFile; fileRef = 7D4AD57A24FE848300CCF299 /* NavigationView.swift */; };
		7D4AD57D24FE84AE00CCF299 /* LoadingView.swift in Sources */ = {isa = PBXBuildFile; fileRef = 7D4AD57C24FE84AE00CCF299 /* LoadingView.swift */; };
		7D4AD58124FE865400CCF299 /* Color+.swift in Sources */ = {isa = PBXBuildFile; fileRef = 7D4AD58024FE865400CCF299 /* Color+.swift */; };
		7D7E03A32503734300F4A75E /* GiphyRepresentable.swift in Sources */ = {isa = PBXBuildFile; fileRef = 7D7E03A22503734300F4A75E /* GiphyRepresentable.swift */; };
		7D88846B24FF5C8D00499DEA /* PhotoEditView.swift in Sources */ = {isa = PBXBuildFile; fileRef = 7D88846A24FF5C8D00499DEA /* PhotoEditView.swift */; };
		7D88847124FF88EA00499DEA /* Sliders in Frameworks */ = {isa = PBXBuildFile; productRef = 7D88847024FF88EA00499DEA /* Sliders */; };
		7D888475250013C900499DEA /* AddEffectView.swift in Sources */ = {isa = PBXBuildFile; fileRef = 7D888474250013C900499DEA /* AddEffectView.swift */; };
		7D9C42EB25008ABE008F1E79 /* SearchBar.swift in Sources */ = {isa = PBXBuildFile; fileRef = 7D9C42EA25008ABE008F1E79 /* SearchBar.swift */; };
		7D9C42ED250154A9008F1E79 /* PlaceHolder.swift in Sources */ = {isa = PBXBuildFile; fileRef = 7D9C42EC250154A8008F1E79 /* PlaceHolder.swift */; };
		7D9C42F1250170A2008F1E79 /* TestView.swift in Sources */ = {isa = PBXBuildFile; fileRef = 7D9C42F0250170A2008F1E79 /* TestView.swift */; };
		7D9C42F325017298008F1E79 /* ScrollableView.swift in Sources */ = {isa = PBXBuildFile; fileRef = 7D9C42F225017298008F1E79 /* ScrollableView.swift */; };
		7DC5EF4F24FE9361005F3901 /* EdgeBorder.swift in Sources */ = {isa = PBXBuildFile; fileRef = 7DC5EF4E24FE9361005F3901 /* EdgeBorder.swift */; };
		7DC5EF5124FE937B005F3901 /* View+.swift in Sources */ = {isa = PBXBuildFile; fileRef = 7DC5EF5024FE937B005F3901 /* View+.swift */; };
		7DC5EF5524FE9CB5005F3901 /* WindowsStyleButton.swift in Sources */ = {isa = PBXBuildFile; fileRef = 7DC5EF5424FE9CB5005F3901 /* WindowsStyleButton.swift */; };
		7DC5EF5824FEA07A005F3901 /* SplashView.swift in Sources */ = {isa = PBXBuildFile; fileRef = 7DC5EF5724FEA07A005F3901 /* SplashView.swift */; };
		7DC5EF5B24FEAF91005F3901 /* CustomCameraView.swift in Sources */ = {isa = PBXBuildFile; fileRef = 7DC5EF5A24FEAF91005F3901 /* CustomCameraView.swift */; };
		7DC5EF6424FEB452005F3901 /* CameraView.swift in Sources */ = {isa = PBXBuildFile; fileRef = 7DC5EF6324FEB452005F3901 /* CameraView.swift */; };
		D02959288FFDD72FA956A194 /* Pods_RetroEditor.framework in Frameworks */ = {isa = PBXBuildFile; fileRef = AC5B82D5C42571B1C3170D5A /* Pods_RetroEditor.framework */; };
/* End PBXBuildFile section */

/* Begin PBXContainerItemProxy section */
		7D4AD56B24FE843700CCF299 /* PBXContainerItemProxy */ = {
			isa = PBXContainerItemProxy;
			containerPortal = 7D4AD54C24FE843500CCF299 /* Project object */;
			proxyType = 1;
			remoteGlobalIDString = 7D4AD55324FE843500CCF299;
			remoteInfo = RetroEditor;
		};
/* End PBXContainerItemProxy section */

/* Begin PBXFileReference section */
		26F2A3BA0D710C7289759452 /* Pods-RetroEditorTests.debug.xcconfig */ = {isa = PBXFileReference; includeInIndex = 1; lastKnownFileType = text.xcconfig; name = "Pods-RetroEditorTests.debug.xcconfig"; path = "Target Support Files/Pods-RetroEditorTests/Pods-RetroEditorTests.debug.xcconfig"; sourceTree = "<group>"; };
		3F5CE03B793AF2A8DB1F1FE2 /* Pods-RetroEditorTests.release.xcconfig */ = {isa = PBXFileReference; includeInIndex = 1; lastKnownFileType = text.xcconfig; name = "Pods-RetroEditorTests.release.xcconfig"; path = "Target Support Files/Pods-RetroEditorTests/Pods-RetroEditorTests.release.xcconfig"; sourceTree = "<group>"; };
		4F1E4C784D5D2D7131A0C85A /* Pods-RetroEditor.release.xcconfig */ = {isa = PBXFileReference; includeInIndex = 1; lastKnownFileType = text.xcconfig; name = "Pods-RetroEditor.release.xcconfig"; path = "Target Support Files/Pods-RetroEditor/Pods-RetroEditor.release.xcconfig"; sourceTree = "<group>"; };
		74D1D03DE5AAA1B7FAEE5D4B /* Pods-RetroEditor.debug.xcconfig */ = {isa = PBXFileReference; includeInIndex = 1; lastKnownFileType = text.xcconfig; name = "Pods-RetroEditor.debug.xcconfig"; path = "Target Support Files/Pods-RetroEditor/Pods-RetroEditor.debug.xcconfig"; sourceTree = "<group>"; };
		7D3897372502AF7B0076AC3B /* ScrollFrameChanges.swift */ = {isa = PBXFileReference; lastKnownFileType = sourcecode.swift; path = ScrollFrameChanges.swift; sourceTree = "<group>"; };
		7D4AD55424FE843500CCF299 /* RetroEditor.app */ = {isa = PBXFileReference; explicitFileType = wrapper.application; includeInIndex = 0; path = RetroEditor.app; sourceTree = BUILT_PRODUCTS_DIR; };
		7D4AD55724FE843500CCF299 /* AppDelegate.swift */ = {isa = PBXFileReference; lastKnownFileType = sourcecode.swift; path = AppDelegate.swift; sourceTree = "<group>"; };
		7D4AD55924FE843500CCF299 /* SceneDelegate.swift */ = {isa = PBXFileReference; lastKnownFileType = sourcecode.swift; path = SceneDelegate.swift; sourceTree = "<group>"; };
		7D4AD55D24FE843700CCF299 /* Assets.xcassets */ = {isa = PBXFileReference; lastKnownFileType = folder.assetcatalog; path = Assets.xcassets; sourceTree = "<group>"; };
		7D4AD56024FE843700CCF299 /* Preview Assets.xcassets */ = {isa = PBXFileReference; lastKnownFileType = folder.assetcatalog; path = "Preview Assets.xcassets"; sourceTree = "<group>"; };
		7D4AD56324FE843700CCF299 /* Base */ = {isa = PBXFileReference; lastKnownFileType = file.storyboard; name = Base; path = Base.lproj/LaunchScreen.storyboard; sourceTree = "<group>"; };
		7D4AD56524FE843700CCF299 /* Info.plist */ = {isa = PBXFileReference; lastKnownFileType = text.plist.xml; path = Info.plist; sourceTree = "<group>"; };
		7D4AD56A24FE843700CCF299 /* RetroEditorTests.xctest */ = {isa = PBXFileReference; explicitFileType = wrapper.cfbundle; includeInIndex = 0; path = RetroEditorTests.xctest; sourceTree = BUILT_PRODUCTS_DIR; };
		7D4AD56E24FE843700CCF299 /* RetroEditorTests.swift */ = {isa = PBXFileReference; lastKnownFileType = sourcecode.swift; path = RetroEditorTests.swift; sourceTree = "<group>"; };
		7D4AD57024FE843700CCF299 /* Info.plist */ = {isa = PBXFileReference; lastKnownFileType = text.plist.xml; path = Info.plist; sourceTree = "<group>"; };
		7D4AD57A24FE848300CCF299 /* NavigationView.swift */ = {isa = PBXFileReference; lastKnownFileType = sourcecode.swift; path = NavigationView.swift; sourceTree = "<group>"; };
		7D4AD57C24FE84AE00CCF299 /* LoadingView.swift */ = {isa = PBXFileReference; lastKnownFileType = sourcecode.swift; path = LoadingView.swift; sourceTree = "<group>"; };
		7D4AD58024FE865400CCF299 /* Color+.swift */ = {isa = PBXFileReference; lastKnownFileType = sourcecode.swift; path = "Color+.swift"; sourceTree = "<group>"; };
		7D7E03A22503734300F4A75E /* GiphyRepresentable.swift */ = {isa = PBXFileReference; lastKnownFileType = sourcecode.swift; path = GiphyRepresentable.swift; sourceTree = "<group>"; };
		7D88846A24FF5C8D00499DEA /* PhotoEditView.swift */ = {isa = PBXFileReference; lastKnownFileType = sourcecode.swift; path = PhotoEditView.swift; sourceTree = "<group>"; };
		7D888474250013C900499DEA /* AddEffectView.swift */ = {isa = PBXFileReference; lastKnownFileType = sourcecode.swift; path = AddEffectView.swift; sourceTree = "<group>"; };
		7D9C42EA25008ABE008F1E79 /* SearchBar.swift */ = {isa = PBXFileReference; lastKnownFileType = sourcecode.swift; path = SearchBar.swift; sourceTree = "<group>"; };
		7D9C42EC250154A8008F1E79 /* PlaceHolder.swift */ = {isa = PBXFileReference; lastKnownFileType = sourcecode.swift; path = PlaceHolder.swift; sourceTree = "<group>"; };
		7D9C42F0250170A2008F1E79 /* TestView.swift */ = {isa = PBXFileReference; lastKnownFileType = sourcecode.swift; path = TestView.swift; sourceTree = "<group>"; };
		7D9C42F225017298008F1E79 /* ScrollableView.swift */ = {isa = PBXFileReference; lastKnownFileType = sourcecode.swift; path = ScrollableView.swift; sourceTree = "<group>"; };
		7DC5EF4E24FE9361005F3901 /* EdgeBorder.swift */ = {isa = PBXFileReference; lastKnownFileType = sourcecode.swift; path = EdgeBorder.swift; sourceTree = "<group>"; };
		7DC5EF5024FE937B005F3901 /* View+.swift */ = {isa = PBXFileReference; lastKnownFileType = sourcecode.swift; path = "View+.swift"; sourceTree = "<group>"; };
		7DC5EF5424FE9CB5005F3901 /* WindowsStyleButton.swift */ = {isa = PBXFileReference; lastKnownFileType = sourcecode.swift; path = WindowsStyleButton.swift; sourceTree = "<group>"; };
		7DC5EF5724FEA07A005F3901 /* SplashView.swift */ = {isa = PBXFileReference; lastKnownFileType = sourcecode.swift; path = SplashView.swift; sourceTree = "<group>"; };
		7DC5EF5A24FEAF91005F3901 /* CustomCameraView.swift */ = {isa = PBXFileReference; lastKnownFileType = sourcecode.swift; path = CustomCameraView.swift; sourceTree = "<group>"; };
		7DC5EF6324FEB452005F3901 /* CameraView.swift */ = {isa = PBXFileReference; lastKnownFileType = sourcecode.swift; path = CameraView.swift; sourceTree = "<group>"; };
		AC5B82D5C42571B1C3170D5A /* Pods_RetroEditor.framework */ = {isa = PBXFileReference; explicitFileType = wrapper.framework; includeInIndex = 0; path = Pods_RetroEditor.framework; sourceTree = BUILT_PRODUCTS_DIR; };
		E1F9D20E90A2896FE74F0F37 /* Pods_RetroEditorTests.framework */ = {isa = PBXFileReference; explicitFileType = wrapper.framework; includeInIndex = 0; path = Pods_RetroEditorTests.framework; sourceTree = BUILT_PRODUCTS_DIR; };
/* End PBXFileReference section */

/* Begin PBXFrameworksBuildPhase section */
		7D4AD55124FE843500CCF299 /* Frameworks */ = {
			isa = PBXFrameworksBuildPhase;
			buildActionMask = 2147483647;
			files = (
				7D88847124FF88EA00499DEA /* Sliders in Frameworks */,
				D02959288FFDD72FA956A194 /* Pods_RetroEditor.framework in Frameworks */,
			);
			runOnlyForDeploymentPostprocessing = 0;
		};
		7D4AD56724FE843700CCF299 /* Frameworks */ = {
			isa = PBXFrameworksBuildPhase;
			buildActionMask = 2147483647;
			files = (
				4098AB5263C81E6FBDBEB804 /* Pods_RetroEditorTests.framework in Frameworks */,
			);
			runOnlyForDeploymentPostprocessing = 0;
		};
/* End PBXFrameworksBuildPhase section */

/* Begin PBXGroup section */
		0E0F00C5AEB765605240B67D /* Pods */ = {
			isa = PBXGroup;
			children = (
				74D1D03DE5AAA1B7FAEE5D4B /* Pods-RetroEditor.debug.xcconfig */,
				4F1E4C784D5D2D7131A0C85A /* Pods-RetroEditor.release.xcconfig */,
				26F2A3BA0D710C7289759452 /* Pods-RetroEditorTests.debug.xcconfig */,
				3F5CE03B793AF2A8DB1F1FE2 /* Pods-RetroEditorTests.release.xcconfig */,
			);
			path = Pods;
			sourceTree = "<group>";
		};
		7D4AD54B24FE843500CCF299 = {
			isa = PBXGroup;
			children = (
				7D4AD55624FE843500CCF299 /* RetroEditor */,
				7D4AD56D24FE843700CCF299 /* RetroEditorTests */,
				7D4AD55524FE843500CCF299 /* Products */,
				0E0F00C5AEB765605240B67D /* Pods */,
				A7B011113057B3CDA4CB8E3F /* Frameworks */,
			);
			sourceTree = "<group>";
		};
		7D4AD55524FE843500CCF299 /* Products */ = {
			isa = PBXGroup;
			children = (
				7D4AD55424FE843500CCF299 /* RetroEditor.app */,
				7D4AD56A24FE843700CCF299 /* RetroEditorTests.xctest */,
			);
			name = Products;
			sourceTree = "<group>";
		};
		7D4AD55624FE843500CCF299 /* RetroEditor */ = {
			isa = PBXGroup;
			children = (
				7D4AD56524FE843700CCF299 /* Info.plist */,
				7D4AD55724FE843500CCF299 /* AppDelegate.swift */,
				7D4AD55924FE843500CCF299 /* SceneDelegate.swift */,
				7D888476250015F600499DEA /* Camera */,
				7D4AD57E24FE864100CCF299 /* DesignGuide */,
				7D888477250015FD00499DEA /* PhotoEdit */,
				7D4AD55F24FE843700CCF299 /* Preview Content */,
				7D8884792500166200499DEA /* Resource */,
				7DC5EF5624FEA069005F3901 /* Splash */,
				7D9C42F0250170A2008F1E79 /* TestView.swift */,
			);
			path = RetroEditor;
			sourceTree = "<group>";
		};
		7D4AD55F24FE843700CCF299 /* Preview Content */ = {
			isa = PBXGroup;
			children = (
				7D4AD56024FE843700CCF299 /* Preview Assets.xcassets */,
			);
			path = "Preview Content";
			sourceTree = "<group>";
		};
		7D4AD56D24FE843700CCF299 /* RetroEditorTests */ = {
			isa = PBXGroup;
			children = (
				7D4AD56E24FE843700CCF299 /* RetroEditorTests.swift */,
				7D4AD57024FE843700CCF299 /* Info.plist */,
			);
			path = RetroEditorTests;
			sourceTree = "<group>";
		};
		7D4AD57924FE847200CCF299 /* Component */ = {
			isa = PBXGroup;
			children = (
				7D4AD57A24FE848300CCF299 /* NavigationView.swift */,
				7D4AD57C24FE84AE00CCF299 /* LoadingView.swift */,
				7DC5EF5424FE9CB5005F3901 /* WindowsStyleButton.swift */,
				7D9C42EA25008ABE008F1E79 /* SearchBar.swift */,
			);
			path = Component;
			sourceTree = "<group>";
		};
		7D4AD57E24FE864100CCF299 /* DesignGuide */ = {
			isa = PBXGroup;
			children = (
				7DC5EF5924FEAF32005F3901 /* Camera */,
				7D4AD57F24FE864900CCF299 /* Utills */,
				7D4AD57924FE847200CCF299 /* Component */,
			);
			path = DesignGuide;
			sourceTree = "<group>";
		};
		7D4AD57F24FE864900CCF299 /* Utills */ = {
			isa = PBXGroup;
			children = (
				7D4AD58024FE865400CCF299 /* Color+.swift */,
				7DC5EF4E24FE9361005F3901 /* EdgeBorder.swift */,
				7DC5EF5024FE937B005F3901 /* View+.swift */,
				7D9C42EC250154A8008F1E79 /* PlaceHolder.swift */,
				7D9C42F225017298008F1E79 /* ScrollableView.swift */,
				7D3897372502AF7B0076AC3B /* ScrollFrameChanges.swift */,
			);
			path = Utills;
			sourceTree = "<group>";
		};
		7D888476250015F600499DEA /* Camera */ = {
			isa = PBXGroup;
			children = (
				7DC5EF5A24FEAF91005F3901 /* CustomCameraView.swift */,
			);
			path = Camera;
			sourceTree = "<group>";
		};
		7D888477250015FD00499DEA /* PhotoEdit */ = {
			isa = PBXGroup;
			children = (
				7D888474250013C900499DEA /* AddEffectView.swift */,
				7D88846A24FF5C8D00499DEA /* PhotoEditView.swift */,
				7D7E03A22503734300F4A75E /* GiphyRepresentable.swift */,
			);
			path = PhotoEdit;
			sourceTree = "<group>";
		};
		7D8884792500166200499DEA /* Resource */ = {
			isa = PBXGroup;
			children = (
				7D4AD55D24FE843700CCF299 /* Assets.xcassets */,
				7D4AD56224FE843700CCF299 /* LaunchScreen.storyboard */,
			);
			path = Resource;
			sourceTree = "<group>";
		};
		7DC5EF5624FEA069005F3901 /* Splash */ = {
			isa = PBXGroup;
			children = (
				7DC5EF5724FEA07A005F3901 /* SplashView.swift */,
			);
			path = Splash;
			sourceTree = "<group>";
		};
		7DC5EF5924FEAF32005F3901 /* Camera */ = {
			isa = PBXGroup;
			children = (
				7DC5EF6324FEB452005F3901 /* CameraView.swift */,
			);
			path = Camera;
			sourceTree = "<group>";
		};
		A7B011113057B3CDA4CB8E3F /* Frameworks */ = {
			isa = PBXGroup;
			children = (
				AC5B82D5C42571B1C3170D5A /* Pods_RetroEditor.framework */,
				E1F9D20E90A2896FE74F0F37 /* Pods_RetroEditorTests.framework */,
			);
			name = Frameworks;
			sourceTree = "<group>";
		};
/* End PBXGroup section */

/* Begin PBXNativeTarget section */
		7D4AD55324FE843500CCF299 /* RetroEditor */ = {
			isa = PBXNativeTarget;
			buildConfigurationList = 7D4AD57324FE843700CCF299 /* Build configuration list for PBXNativeTarget "RetroEditor" */;
			buildPhases = (
				8F25C01B92B6D8DE70BC2BCB /* [CP] Check Pods Manifest.lock */,
				7D4AD55024FE843500CCF299 /* Sources */,
				7D4AD55124FE843500CCF299 /* Frameworks */,
				7D4AD55224FE843500CCF299 /* Resources */,
				9B2DFB98F4F1CC06F14D37BD /* [CP] Embed Pods Frameworks */,
			);
			buildRules = (
			);
			dependencies = (
			);
			name = RetroEditor;
			packageProductDependencies = (
				7D88847024FF88EA00499DEA /* Sliders */,
			);
			productName = RetroEditor;
			productReference = 7D4AD55424FE843500CCF299 /* RetroEditor.app */;
			productType = "com.apple.product-type.application";
		};
		7D4AD56924FE843700CCF299 /* RetroEditorTests */ = {
			isa = PBXNativeTarget;
			buildConfigurationList = 7D4AD57624FE843700CCF299 /* Build configuration list for PBXNativeTarget "RetroEditorTests" */;
			buildPhases = (
				1E507621E9CEB88EA8CFA332 /* [CP] Check Pods Manifest.lock */,
				7D4AD56624FE843700CCF299 /* Sources */,
				7D4AD56724FE843700CCF299 /* Frameworks */,
				7D4AD56824FE843700CCF299 /* Resources */,
			);
			buildRules = (
			);
			dependencies = (
				7D4AD56C24FE843700CCF299 /* PBXTargetDependency */,
			);
			name = RetroEditorTests;
			productName = RetroEditorTests;
			productReference = 7D4AD56A24FE843700CCF299 /* RetroEditorTests.xctest */;
			productType = "com.apple.product-type.bundle.unit-test";
		};
/* End PBXNativeTarget section */

/* Begin PBXProject section */
		7D4AD54C24FE843500CCF299 /* Project object */ = {
			isa = PBXProject;
			attributes = {
				LastSwiftUpdateCheck = 1160;
				LastUpgradeCheck = 1160;
				ORGANIZATIONNAME = "LEE HAEUN";
				TargetAttributes = {
					7D4AD55324FE843500CCF299 = {
						CreatedOnToolsVersion = 11.6;
					};
					7D4AD56924FE843700CCF299 = {
						CreatedOnToolsVersion = 11.6;
						TestTargetID = 7D4AD55324FE843500CCF299;
					};
				};
			};
			buildConfigurationList = 7D4AD54F24FE843500CCF299 /* Build configuration list for PBXProject "RetroEditor" */;
			compatibilityVersion = "Xcode 9.3";
			developmentRegion = en;
			hasScannedForEncodings = 0;
			knownRegions = (
				en,
				Base,
			);
			mainGroup = 7D4AD54B24FE843500CCF299;
			packageReferences = (
				7D88846F24FF88EA00499DEA /* XCRemoteSwiftPackageReference "swiftui-sliders" */,
			);
			productRefGroup = 7D4AD55524FE843500CCF299 /* Products */;
			projectDirPath = "";
			projectRoot = "";
			targets = (
				7D4AD55324FE843500CCF299 /* RetroEditor */,
				7D4AD56924FE843700CCF299 /* RetroEditorTests */,
			);
		};
/* End PBXProject section */

/* Begin PBXResourcesBuildPhase section */
		7D4AD55224FE843500CCF299 /* Resources */ = {
			isa = PBXResourcesBuildPhase;
			buildActionMask = 2147483647;
			files = (
				7D4AD56424FE843700CCF299 /* LaunchScreen.storyboard in Resources */,
				7D4AD56124FE843700CCF299 /* Preview Assets.xcassets in Resources */,
				7D4AD55E24FE843700CCF299 /* Assets.xcassets in Resources */,
			);
			runOnlyForDeploymentPostprocessing = 0;
		};
		7D4AD56824FE843700CCF299 /* Resources */ = {
			isa = PBXResourcesBuildPhase;
			buildActionMask = 2147483647;
			files = (
			);
			runOnlyForDeploymentPostprocessing = 0;
		};
/* End PBXResourcesBuildPhase section */

/* Begin PBXShellScriptBuildPhase section */
		1E507621E9CEB88EA8CFA332 /* [CP] Check Pods Manifest.lock */ = {
			isa = PBXShellScriptBuildPhase;
			buildActionMask = 2147483647;
			files = (
			);
			inputFileListPaths = (
			);
			inputPaths = (
				"${PODS_PODFILE_DIR_PATH}/Podfile.lock",
				"${PODS_ROOT}/Manifest.lock",
			);
			name = "[CP] Check Pods Manifest.lock";
			outputFileListPaths = (
			);
			outputPaths = (
				"$(DERIVED_FILE_DIR)/Pods-RetroEditorTests-checkManifestLockResult.txt",
			);
			runOnlyForDeploymentPostprocessing = 0;
			shellPath = /bin/sh;
			shellScript = "diff \"${PODS_PODFILE_DIR_PATH}/Podfile.lock\" \"${PODS_ROOT}/Manifest.lock\" > /dev/null\nif [ $? != 0 ] ; then\n    # print error to STDERR\n    echo \"error: The sandbox is not in sync with the Podfile.lock. Run 'pod install' or update your CocoaPods installation.\" >&2\n    exit 1\nfi\n# This output is used by Xcode 'outputs' to avoid re-running this script phase.\necho \"SUCCESS\" > \"${SCRIPT_OUTPUT_FILE_0}\"\n";
			showEnvVarsInLog = 0;
		};
		8F25C01B92B6D8DE70BC2BCB /* [CP] Check Pods Manifest.lock */ = {
			isa = PBXShellScriptBuildPhase;
			buildActionMask = 2147483647;
			files = (
			);
			inputFileListPaths = (
			);
			inputPaths = (
				"${PODS_PODFILE_DIR_PATH}/Podfile.lock",
				"${PODS_ROOT}/Manifest.lock",
			);
			name = "[CP] Check Pods Manifest.lock";
			outputFileListPaths = (
			);
			outputPaths = (
				"$(DERIVED_FILE_DIR)/Pods-RetroEditor-checkManifestLockResult.txt",
			);
			runOnlyForDeploymentPostprocessing = 0;
			shellPath = /bin/sh;
			shellScript = "diff \"${PODS_PODFILE_DIR_PATH}/Podfile.lock\" \"${PODS_ROOT}/Manifest.lock\" > /dev/null\nif [ $? != 0 ] ; then\n    # print error to STDERR\n    echo \"error: The sandbox is not in sync with the Podfile.lock. Run 'pod install' or update your CocoaPods installation.\" >&2\n    exit 1\nfi\n# This output is used by Xcode 'outputs' to avoid re-running this script phase.\necho \"SUCCESS\" > \"${SCRIPT_OUTPUT_FILE_0}\"\n";
			showEnvVarsInLog = 0;
		};
		9B2DFB98F4F1CC06F14D37BD /* [CP] Embed Pods Frameworks */ = {
			isa = PBXShellScriptBuildPhase;
			buildActionMask = 2147483647;
			files = (
			);
			inputFileListPaths = (
				"${PODS_ROOT}/Target Support Files/Pods-RetroEditor/Pods-RetroEditor-frameworks-${CONFIGURATION}-input-files.xcfilelist",
			);
			name = "[CP] Embed Pods Frameworks";
			outputFileListPaths = (
				"${PODS_ROOT}/Target Support Files/Pods-RetroEditor/Pods-RetroEditor-frameworks-${CONFIGURATION}-output-files.xcfilelist",
			);
			runOnlyForDeploymentPostprocessing = 0;
			shellPath = /bin/sh;
			shellScript = "\"${PODS_ROOT}/Target Support Files/Pods-RetroEditor/Pods-RetroEditor-frameworks.sh\"\n";
			showEnvVarsInLog = 0;
		};
/* End PBXShellScriptBuildPhase section */

/* Begin PBXSourcesBuildPhase section */
		7D4AD55024FE843500CCF299 /* Sources */ = {
			isa = PBXSourcesBuildPhase;
			buildActionMask = 2147483647;
			files = (
				7D3897382502AF7B0076AC3B /* ScrollFrameChanges.swift in Sources */,
				7D4AD55824FE843500CCF299 /* AppDelegate.swift in Sources */,
				7D9C42F325017298008F1E79 /* ScrollableView.swift in Sources */,
				7DC5EF4F24FE9361005F3901 /* EdgeBorder.swift in Sources */,
				7DC5EF5B24FEAF91005F3901 /* CustomCameraView.swift in Sources */,
				7D4AD58124FE865400CCF299 /* Color+.swift in Sources */,
				7DC5EF6424FEB452005F3901 /* CameraView.swift in Sources */,
				7D4AD55A24FE843500CCF299 /* SceneDelegate.swift in Sources */,
				7D88846B24FF5C8D00499DEA /* PhotoEditView.swift in Sources */,
				7D9C42F1250170A2008F1E79 /* TestView.swift in Sources */,
				7D9C42EB25008ABE008F1E79 /* SearchBar.swift in Sources */,
				7D9C42ED250154A9008F1E79 /* PlaceHolder.swift in Sources */,
				7DC5EF5524FE9CB5005F3901 /* WindowsStyleButton.swift in Sources */,
				7D7E03A32503734300F4A75E /* GiphyRepresentable.swift in Sources */,
				7DC5EF5124FE937B005F3901 /* View+.swift in Sources */,
				7D4AD57B24FE848300CCF299 /* NavigationView.swift in Sources */,
				7DC5EF5824FEA07A005F3901 /* SplashView.swift in Sources */,
				7D4AD57D24FE84AE00CCF299 /* LoadingView.swift in Sources */,
				7D888475250013C900499DEA /* AddEffectView.swift in Sources */,
			);
			runOnlyForDeploymentPostprocessing = 0;
		};
		7D4AD56624FE843700CCF299 /* Sources */ = {
			isa = PBXSourcesBuildPhase;
			buildActionMask = 2147483647;
			files = (
				7D4AD56F24FE843700CCF299 /* RetroEditorTests.swift in Sources */,
			);
			runOnlyForDeploymentPostprocessing = 0;
		};
/* End PBXSourcesBuildPhase section */

/* Begin PBXTargetDependency section */
		7D4AD56C24FE843700CCF299 /* PBXTargetDependency */ = {
			isa = PBXTargetDependency;
			target = 7D4AD55324FE843500CCF299 /* RetroEditor */;
			targetProxy = 7D4AD56B24FE843700CCF299 /* PBXContainerItemProxy */;
		};
/* End PBXTargetDependency section */

/* Begin PBXVariantGroup section */
		7D4AD56224FE843700CCF299 /* LaunchScreen.storyboard */ = {
			isa = PBXVariantGroup;
			children = (
				7D4AD56324FE843700CCF299 /* Base */,
			);
			name = LaunchScreen.storyboard;
			sourceTree = "<group>";
		};
/* End PBXVariantGroup section */

/* Begin XCBuildConfiguration section */
		7D4AD57124FE843700CCF299 /* Debug */ = {
			isa = XCBuildConfiguration;
			buildSettings = {
				ALWAYS_SEARCH_USER_PATHS = NO;
				CLANG_ANALYZER_NONNULL = YES;
				CLANG_ANALYZER_NUMBER_OBJECT_CONVERSION = YES_AGGRESSIVE;
				CLANG_CXX_LANGUAGE_STANDARD = "gnu++14";
				CLANG_CXX_LIBRARY = "libc++";
				CLANG_ENABLE_MODULES = YES;
				CLANG_ENABLE_OBJC_ARC = YES;
				CLANG_ENABLE_OBJC_WEAK = YES;
				CLANG_WARN_BLOCK_CAPTURE_AUTORELEASING = YES;
				CLANG_WARN_BOOL_CONVERSION = YES;
				CLANG_WARN_COMMA = YES;
				CLANG_WARN_CONSTANT_CONVERSION = YES;
				CLANG_WARN_DEPRECATED_OBJC_IMPLEMENTATIONS = YES;
				CLANG_WARN_DIRECT_OBJC_ISA_USAGE = YES_ERROR;
				CLANG_WARN_DOCUMENTATION_COMMENTS = YES;
				CLANG_WARN_EMPTY_BODY = YES;
				CLANG_WARN_ENUM_CONVERSION = YES;
				CLANG_WARN_INFINITE_RECURSION = YES;
				CLANG_WARN_INT_CONVERSION = YES;
				CLANG_WARN_NON_LITERAL_NULL_CONVERSION = YES;
				CLANG_WARN_OBJC_IMPLICIT_RETAIN_SELF = YES;
				CLANG_WARN_OBJC_LITERAL_CONVERSION = YES;
				CLANG_WARN_OBJC_ROOT_CLASS = YES_ERROR;
				CLANG_WARN_RANGE_LOOP_ANALYSIS = YES;
				CLANG_WARN_STRICT_PROTOTYPES = YES;
				CLANG_WARN_SUSPICIOUS_MOVE = YES;
				CLANG_WARN_UNGUARDED_AVAILABILITY = YES_AGGRESSIVE;
				CLANG_WARN_UNREACHABLE_CODE = YES;
				CLANG_WARN__DUPLICATE_METHOD_MATCH = YES;
				COPY_PHASE_STRIP = NO;
				DEBUG_INFORMATION_FORMAT = dwarf;
				ENABLE_STRICT_OBJC_MSGSEND = YES;
				ENABLE_TESTABILITY = YES;
				GCC_C_LANGUAGE_STANDARD = gnu11;
				GCC_DYNAMIC_NO_PIC = NO;
				GCC_NO_COMMON_BLOCKS = YES;
				GCC_OPTIMIZATION_LEVEL = 0;
				GCC_PREPROCESSOR_DEFINITIONS = (
					"DEBUG=1",
					"$(inherited)",
				);
				GCC_WARN_64_TO_32_BIT_CONVERSION = YES;
				GCC_WARN_ABOUT_RETURN_TYPE = YES_ERROR;
				GCC_WARN_UNDECLARED_SELECTOR = YES;
				GCC_WARN_UNINITIALIZED_AUTOS = YES_AGGRESSIVE;
				GCC_WARN_UNUSED_FUNCTION = YES;
				GCC_WARN_UNUSED_VARIABLE = YES;
				IPHONEOS_DEPLOYMENT_TARGET = 13.6;
				MTL_ENABLE_DEBUG_INFO = INCLUDE_SOURCE;
				MTL_FAST_MATH = YES;
				ONLY_ACTIVE_ARCH = YES;
				SDKROOT = iphoneos;
				SWIFT_ACTIVE_COMPILATION_CONDITIONS = DEBUG;
				SWIFT_OPTIMIZATION_LEVEL = "-Onone";
			};
			name = Debug;
		};
		7D4AD57224FE843700CCF299 /* Release */ = {
			isa = XCBuildConfiguration;
			buildSettings = {
				ALWAYS_SEARCH_USER_PATHS = NO;
				CLANG_ANALYZER_NONNULL = YES;
				CLANG_ANALYZER_NUMBER_OBJECT_CONVERSION = YES_AGGRESSIVE;
				CLANG_CXX_LANGUAGE_STANDARD = "gnu++14";
				CLANG_CXX_LIBRARY = "libc++";
				CLANG_ENABLE_MODULES = YES;
				CLANG_ENABLE_OBJC_ARC = YES;
				CLANG_ENABLE_OBJC_WEAK = YES;
				CLANG_WARN_BLOCK_CAPTURE_AUTORELEASING = YES;
				CLANG_WARN_BOOL_CONVERSION = YES;
				CLANG_WARN_COMMA = YES;
				CLANG_WARN_CONSTANT_CONVERSION = YES;
				CLANG_WARN_DEPRECATED_OBJC_IMPLEMENTATIONS = YES;
				CLANG_WARN_DIRECT_OBJC_ISA_USAGE = YES_ERROR;
				CLANG_WARN_DOCUMENTATION_COMMENTS = YES;
				CLANG_WARN_EMPTY_BODY = YES;
				CLANG_WARN_ENUM_CONVERSION = YES;
				CLANG_WARN_INFINITE_RECURSION = YES;
				CLANG_WARN_INT_CONVERSION = YES;
				CLANG_WARN_NON_LITERAL_NULL_CONVERSION = YES;
				CLANG_WARN_OBJC_IMPLICIT_RETAIN_SELF = YES;
				CLANG_WARN_OBJC_LITERAL_CONVERSION = YES;
				CLANG_WARN_OBJC_ROOT_CLASS = YES_ERROR;
				CLANG_WARN_RANGE_LOOP_ANALYSIS = YES;
				CLANG_WARN_STRICT_PROTOTYPES = YES;
				CLANG_WARN_SUSPICIOUS_MOVE = YES;
				CLANG_WARN_UNGUARDED_AVAILABILITY = YES_AGGRESSIVE;
				CLANG_WARN_UNREACHABLE_CODE = YES;
				CLANG_WARN__DUPLICATE_METHOD_MATCH = YES;
				COPY_PHASE_STRIP = NO;
				DEBUG_INFORMATION_FORMAT = "dwarf-with-dsym";
				ENABLE_NS_ASSERTIONS = NO;
				ENABLE_STRICT_OBJC_MSGSEND = YES;
				GCC_C_LANGUAGE_STANDARD = gnu11;
				GCC_NO_COMMON_BLOCKS = YES;
				GCC_WARN_64_TO_32_BIT_CONVERSION = YES;
				GCC_WARN_ABOUT_RETURN_TYPE = YES_ERROR;
				GCC_WARN_UNDECLARED_SELECTOR = YES;
				GCC_WARN_UNINITIALIZED_AUTOS = YES_AGGRESSIVE;
				GCC_WARN_UNUSED_FUNCTION = YES;
				GCC_WARN_UNUSED_VARIABLE = YES;
				IPHONEOS_DEPLOYMENT_TARGET = 13.6;
				MTL_ENABLE_DEBUG_INFO = NO;
				MTL_FAST_MATH = YES;
				SDKROOT = iphoneos;
				SWIFT_COMPILATION_MODE = wholemodule;
				SWIFT_OPTIMIZATION_LEVEL = "-O";
				VALIDATE_PRODUCT = YES;
			};
			name = Release;
		};
		7D4AD57424FE843700CCF299 /* Debug */ = {
			isa = XCBuildConfiguration;
			baseConfigurationReference = 74D1D03DE5AAA1B7FAEE5D4B /* Pods-RetroEditor.debug.xcconfig */;
			buildSettings = {
				ASSETCATALOG_COMPILER_APPICON_NAME = AppIcon;
				CODE_SIGN_STYLE = Automatic;
				DEVELOPMENT_ASSET_PATHS = "\"RetroEditor/Preview Content\"";
				DEVELOPMENT_TEAM = L47YWQ7AFX;
				ENABLE_PREVIEWS = YES;
				INFOPLIST_FILE = RetroEditor/Info.plist;
				IPHONEOS_DEPLOYMENT_TARGET = 14.0;
				LD_RUNPATH_SEARCH_PATHS = (
					"$(inherited)",
					"@executable_path/Frameworks",
				);
				PRODUCT_BUNDLE_IDENTIFIER = "LEE-HAEUN.RetroEditor";
				PRODUCT_NAME = "$(TARGET_NAME)";
				SWIFT_VERSION = 5.0;
				TARGETED_DEVICE_FAMILY = "1,2";
			};
			name = Debug;
		};
		7D4AD57524FE843700CCF299 /* Release */ = {
			isa = XCBuildConfiguration;
			baseConfigurationReference = 4F1E4C784D5D2D7131A0C85A /* Pods-RetroEditor.release.xcconfig */;
			buildSettings = {
				ASSETCATALOG_COMPILER_APPICON_NAME = AppIcon;
				CODE_SIGN_STYLE = Automatic;
				DEVELOPMENT_ASSET_PATHS = "\"RetroEditor/Preview Content\"";
				DEVELOPMENT_TEAM = L47YWQ7AFX;
				ENABLE_PREVIEWS = YES;
				INFOPLIST_FILE = RetroEditor/Info.plist;
				IPHONEOS_DEPLOYMENT_TARGET = 14.0;
				LD_RUNPATH_SEARCH_PATHS = (
					"$(inherited)",
					"@executable_path/Frameworks",
				);
				PRODUCT_BUNDLE_IDENTIFIER = "LEE-HAEUN.RetroEditor";
				PRODUCT_NAME = "$(TARGET_NAME)";
				SWIFT_VERSION = 5.0;
				TARGETED_DEVICE_FAMILY = "1,2";
			};
			name = Release;
		};
		7D4AD57724FE843700CCF299 /* Debug */ = {
			isa = XCBuildConfiguration;
			baseConfigurationReference = 26F2A3BA0D710C7289759452 /* Pods-RetroEditorTests.debug.xcconfig */;
			buildSettings = {
				ALWAYS_EMBED_SWIFT_STANDARD_LIBRARIES = YES;
				BUNDLE_LOADER = "$(TEST_HOST)";
				CODE_SIGN_STYLE = Automatic;
				DEVELOPMENT_TEAM = L47YWQ7AFX;
				INFOPLIST_FILE = RetroEditorTests/Info.plist;
				IPHONEOS_DEPLOYMENT_TARGET = 13.6;
				LD_RUNPATH_SEARCH_PATHS = (
					"$(inherited)",
					"@executable_path/Frameworks",
					"@loader_path/Frameworks",
				);
				PRODUCT_BUNDLE_IDENTIFIER = "LEE-HAEUN.RetroEditorTests";
				PRODUCT_NAME = "$(TARGET_NAME)";
				SWIFT_VERSION = 5.0;
				TARGETED_DEVICE_FAMILY = "1,2";
				TEST_HOST = "$(BUILT_PRODUCTS_DIR)/RetroEditor.app/RetroEditor";
			};
			name = Debug;
		};
		7D4AD57824FE843700CCF299 /* Release */ = {
			isa = XCBuildConfiguration;
			baseConfigurationReference = 3F5CE03B793AF2A8DB1F1FE2 /* Pods-RetroEditorTests.release.xcconfig */;
			buildSettings = {
				ALWAYS_EMBED_SWIFT_STANDARD_LIBRARIES = YES;
				BUNDLE_LOADER = "$(TEST_HOST)";
				CODE_SIGN_STYLE = Automatic;
				DEVELOPMENT_TEAM = L47YWQ7AFX;
				INFOPLIST_FILE = RetroEditorTests/Info.plist;
				IPHONEOS_DEPLOYMENT_TARGET = 13.6;
				LD_RUNPATH_SEARCH_PATHS = (
					"$(inherited)",
					"@executable_path/Frameworks",
					"@loader_path/Frameworks",
				);
				PRODUCT_BUNDLE_IDENTIFIER = "LEE-HAEUN.RetroEditorTests";
				PRODUCT_NAME = "$(TARGET_NAME)";
				SWIFT_VERSION = 5.0;
				TARGETED_DEVICE_FAMILY = "1,2";
				TEST_HOST = "$(BUILT_PRODUCTS_DIR)/RetroEditor.app/RetroEditor";
			};
			name = Release;
		};
/* End XCBuildConfiguration section */

/* Begin XCConfigurationList section */
		7D4AD54F24FE843500CCF299 /* Build configuration list for PBXProject "RetroEditor" */ = {
			isa = XCConfigurationList;
			buildConfigurations = (
				7D4AD57124FE843700CCF299 /* Debug */,
				7D4AD57224FE843700CCF299 /* Release */,
			);
			defaultConfigurationIsVisible = 0;
			defaultConfigurationName = Release;
		};
		7D4AD57324FE843700CCF299 /* Build configuration list for PBXNativeTarget "RetroEditor" */ = {
			isa = XCConfigurationList;
			buildConfigurations = (
				7D4AD57424FE843700CCF299 /* Debug */,
				7D4AD57524FE843700CCF299 /* Release */,
			);
			defaultConfigurationIsVisible = 0;
			defaultConfigurationName = Release;
		};
		7D4AD57624FE843700CCF299 /* Build configuration list for PBXNativeTarget "RetroEditorTests" */ = {
			isa = XCConfigurationList;
			buildConfigurations = (
				7D4AD57724FE843700CCF299 /* Debug */,
				7D4AD57824FE843700CCF299 /* Release */,
			);
			defaultConfigurationIsVisible = 0;
			defaultConfigurationName = Release;
		};
/* End XCConfigurationList section */

/* Begin XCRemoteSwiftPackageReference section */
		7D88846F24FF88EA00499DEA /* XCRemoteSwiftPackageReference "swiftui-sliders" */ = {
			isa = XCRemoteSwiftPackageReference;
			repositoryURL = "https://github.com/spacenation/swiftui-sliders.git";
			requirement = {
				kind = upToNextMajorVersion;
				minimumVersion = 1.0.0;
			};
		};
/* End XCRemoteSwiftPackageReference section */

/* Begin XCSwiftPackageProductDependency section */
		7D88847024FF88EA00499DEA /* Sliders */ = {
			isa = XCSwiftPackageProductDependency;
			package = 7D88846F24FF88EA00499DEA /* XCRemoteSwiftPackageReference "swiftui-sliders" */;
			productName = Sliders;
		};
/* End XCSwiftPackageProductDependency section */
	};
	rootObject = 7D4AD54C24FE843500CCF299 /* Project object */;
}
