// !$*UTF8*$!
{
	archiveVersion = 1;
	classes = {
	};
	objectVersion = 50;
	objects = {

/* Begin PBXBuildFile section */
		7D4AD55824FE843500CCF299 /* AppDelegate.swift in Sources */ = {isa = PBXBuildFile; fileRef = 7D4AD55724FE843500CCF299 /* AppDelegate.swift */; };
		7D4AD55A24FE843500CCF299 /* SceneDelegate.swift in Sources */ = {isa = PBXBuildFile; fileRef = 7D4AD55924FE843500CCF299 /* SceneDelegate.swift */; };
		7D4AD55C24FE843500CCF299 /* ContentView.swift in Sources */ = {isa = PBXBuildFile; fileRef = 7D4AD55B24FE843500CCF299 /* ContentView.swift */; };
		7D4AD55E24FE843700CCF299 /* Assets.xcassets in Resources */ = {isa = PBXBuildFile; fileRef = 7D4AD55D24FE843700CCF299 /* Assets.xcassets */; };
		7D4AD56124FE843700CCF299 /* Preview Assets.xcassets in Resources */ = {isa = PBXBuildFile; fileRef = 7D4AD56024FE843700CCF299 /* Preview Assets.xcassets */; };
		7D4AD56424FE843700CCF299 /* LaunchScreen.storyboard in Resources */ = {isa = PBXBuildFile; fileRef = 7D4AD56224FE843700CCF299 /* LaunchScreen.storyboard */; };
		7D4AD56F24FE843700CCF299 /* RetroEditorTests.swift in Sources */ = {isa = PBXBuildFile; fileRef = 7D4AD56E24FE843700CCF299 /* RetroEditorTests.swift */; };
		7D4AD57B24FE848300CCF299 /* NavigationView.swift in Sources */ = {isa = PBXBuildFile; fileRef = 7D4AD57A24FE848300CCF299 /* NavigationView.swift */; };
		7D4AD57D24FE84AE00CCF299 /* LoadingView.swift in Sources */ = {isa = PBXBuildFile; fileRef = 7D4AD57C24FE84AE00CCF299 /* LoadingView.swift */; };
		7D4AD58124FE865400CCF299 /* Color+.swift in Sources */ = {isa = PBXBuildFile; fileRef = 7D4AD58024FE865400CCF299 /* Color+.swift */; };
		7DC5EF4F24FE9361005F3901 /* EdgeBorder.swift in Sources */ = {isa = PBXBuildFile; fileRef = 7DC5EF4E24FE9361005F3901 /* EdgeBorder.swift */; };
		7DC5EF5124FE937B005F3901 /* View+.swift in Sources */ = {isa = PBXBuildFile; fileRef = 7DC5EF5024FE937B005F3901 /* View+.swift */; };
		7DC5EF5524FE9CB5005F3901 /* WindowsStyleButton.swift in Sources */ = {isa = PBXBuildFile; fileRef = 7DC5EF5424FE9CB5005F3901 /* WindowsStyleButton.swift */; };
/* End PBXBuildFile section */

/* Begin PBXContainerItemProxy section */
		7D4AD56B24FE843700CCF299 /* PBXContainerItemProxy */ = {
			isa = PBXContainerItemProxy;
			containerPortal = 7D4AD54C24FE843500CCF299 /* Project object */;
			proxyType = 1;
			remoteGlobalIDString = 7D4AD55324FE843500CCF299;
			remoteInfo = RetroEditor;
		};
/* End PBXContainerItemProxy section */

/* Begin PBXFileReference section */
		7D4AD55424FE843500CCF299 /* RetroEditor.app */ = {isa = PBXFileReference; explicitFileType = wrapper.application; includeInIndex = 0; path = RetroEditor.app; sourceTree = BUILT_PRODUCTS_DIR; };
		7D4AD55724FE843500CCF299 /* AppDelegate.swift */ = {isa = PBXFileReference; lastKnownFileType = sourcecode.swift; path = AppDelegate.swift; sourceTree = "<group>"; };
		7D4AD55924FE843500CCF299 /* SceneDelegate.swift */ = {isa = PBXFileReference; lastKnownFileType = sourcecode.swift; path = SceneDelegate.swift; sourceTree = "<group>"; };
		7D4AD55B24FE843500CCF299 /* ContentView.swift */ = {isa = PBXFileReference; lastKnownFileType = sourcecode.swift; path = ContentView.swift; sourceTree = "<group>"; };
		7D4AD55D24FE843700CCF299 /* Assets.xcassets */ = {isa = PBXFileReference; lastKnownFileType = folder.assetcatalog; path = Assets.xcassets; sourceTree = "<group>"; };
		7D4AD56024FE843700CCF299 /* Preview Assets.xcassets */ = {isa = PBXFileReference; lastKnownFileType = folder.assetcatalog; path = "Preview Assets.xcassets"; sourceTree = "<group>"; };
		7D4AD56324FE843700CCF299 /* Base */ = {isa = PBXFileReference; lastKnownFileType = file.storyboard; name = Base; path = Base.lproj/LaunchScreen.storyboard; sourceTree = "<group>"; };
		7D4AD56524FE843700CCF299 /* Info.plist */ = {isa = PBXFileReference; lastKnownFileType = text.plist.xml; path = Info.plist; sourceTree = "<group>"; };
		7D4AD56A24FE843700CCF299 /* RetroEditorTests.xctest */ = {isa = PBXFileReference; explicitFileType = wrapper.cfbundle; includeInIndex = 0; path = RetroEditorTests.xctest; sourceTree = BUILT_PRODUCTS_DIR; };
		7D4AD56E24FE843700CCF299 /* RetroEditorTests.swift */ = {isa = PBXFileReference; lastKnownFileType = sourcecode.swift; path = RetroEditorTests.swift; sourceTree = "<group>"; };
		7D4AD57024FE843700CCF299 /* Info.plist */ = {isa = PBXFileReference; lastKnownFileType = text.plist.xml; path = Info.plist; sourceTree = "<group>"; };
		7D4AD57A24FE848300CCF299 /* NavigationView.swift */ = {isa = PBXFileReference; lastKnownFileType = sourcecode.swift; path = NavigationView.swift; sourceTree = "<group>"; };
		7D4AD57C24FE84AE00CCF299 /* LoadingView.swift */ = {isa = PBXFileReference; lastKnownFileType = sourcecode.swift; path = LoadingView.swift; sourceTree = "<group>"; };
		7D4AD58024FE865400CCF299 /* Color+.swift */ = {isa = PBXFileReference; lastKnownFileType = sourcecode.swift; path = "Color+.swift"; sourceTree = "<group>"; };
		7DC5EF4E24FE9361005F3901 /* EdgeBorder.swift */ = {isa = PBXFileReference; lastKnownFileType = sourcecode.swift; path = EdgeBorder.swift; sourceTree = "<group>"; };
		7DC5EF5024FE937B005F3901 /* View+.swift */ = {isa = PBXFileReference; lastKnownFileType = sourcecode.swift; path = "View+.swift"; sourceTree = "<group>"; };
		7DC5EF5424FE9CB5005F3901 /* WindowsStyleButton.swift */ = {isa = PBXFileReference; lastKnownFileType = sourcecode.swift; path = WindowsStyleButton.swift; sourceTree = "<group>"; };
/* End PBXFileReference section */

/* Begin PBXFrameworksBuildPhase section */
		7D4AD55124FE843500CCF299 /* Frameworks */ = {
			isa = PBXFrameworksBuildPhase;
			buildActionMask = 2147483647;
			files = (
			);
			runOnlyForDeploymentPostprocessing = 0;
		};
		7D4AD56724FE843700CCF299 /* Frameworks */ = {
			isa = PBXFrameworksBuildPhase;
			buildActionMask = 2147483647;
			files = (
			);
			runOnlyForDeploymentPostprocessing = 0;
		};
/* End PBXFrameworksBuildPhase section */

/* Begin PBXGroup section */
		7D4AD54B24FE843500CCF299 = {
			isa = PBXGroup;
			children = (
				7D4AD55624FE843500CCF299 /* RetroEditor */,
				7D4AD56D24FE843700CCF299 /* RetroEditorTests */,
				7D4AD55524FE843500CCF299 /* Products */,
			);
			sourceTree = "<group>";
		};
		7D4AD55524FE843500CCF299 /* Products */ = {
			isa = PBXGroup;
			children = (
				7D4AD55424FE843500CCF299 /* RetroEditor.app */,
				7D4AD56A24FE843700CCF299 /* RetroEditorTests.xctest */,
			);
			name = Products;
			sourceTree = "<group>";
		};
		7D4AD55624FE843500CCF299 /* RetroEditor */ = {
			isa = PBXGroup;
			children = (
				7D4AD57E24FE864100CCF299 /* DesignGuide */,
				7D4AD55724FE843500CCF299 /* AppDelegate.swift */,
				7D4AD55924FE843500CCF299 /* SceneDelegate.swift */,
				7D4AD55B24FE843500CCF299 /* ContentView.swift */,
				7D4AD55D24FE843700CCF299 /* Assets.xcassets */,
				7D4AD56224FE843700CCF299 /* LaunchScreen.storyboard */,
				7D4AD56524FE843700CCF299 /* Info.plist */,
				7D4AD55F24FE843700CCF299 /* Preview Content */,
			);
			path = RetroEditor;
			sourceTree = "<group>";
		};
		7D4AD55F24FE843700CCF299 /* Preview Content */ = {
			isa = PBXGroup;
			children = (
				7D4AD56024FE843700CCF299 /* Preview Assets.xcassets */,
			);
			path = "Preview Content";
			sourceTree = "<group>";
		};
		7D4AD56D24FE843700CCF299 /* RetroEditorTests */ = {
			isa = PBXGroup;
			children = (
				7D4AD56E24FE843700CCF299 /* RetroEditorTests.swift */,
				7D4AD57024FE843700CCF299 /* Info.plist */,
			);
			path = RetroEditorTests;
			sourceTree = "<group>";
		};
		7D4AD57924FE847200CCF299 /* Component */ = {
			isa = PBXGroup;
			children = (
				7D4AD57A24FE848300CCF299 /* NavigationView.swift */,
				7D4AD57C24FE84AE00CCF299 /* LoadingView.swift */,
				7DC5EF5424FE9CB5005F3901 /* WindowsStyleButton.swift */,
			);
			path = Component;
			sourceTree = "<group>";
		};
		7D4AD57E24FE864100CCF299 /* DesignGuide */ = {
			isa = PBXGroup;
			children = (
				7D4AD57F24FE864900CCF299 /* Utills */,
				7D4AD57924FE847200CCF299 /* Component */,
			);
			path = DesignGuide;
			sourceTree = "<group>";
		};
		7D4AD57F24FE864900CCF299 /* Utills */ = {
			isa = PBXGroup;
			children = (
				7D4AD58024FE865400CCF299 /* Color+.swift */,
				7DC5EF4E24FE9361005F3901 /* EdgeBorder.swift */,
				7DC5EF5024FE937B005F3901 /* View+.swift */,
			);
			path = Utills;
			sourceTree = "<group>";
		};
/* End PBXGroup section */

/* Begin PBXNativeTarget section */
		7D4AD55324FE843500CCF299 /* RetroEditor */ = {
			isa = PBXNativeTarget;
			buildConfigurationList = 7D4AD57324FE843700CCF299 /* Build configuration list for PBXNativeTarget "RetroEditor" */;
			buildPhases = (
				7D4AD55024FE843500CCF299 /* Sources */,
				7D4AD55124FE843500CCF299 /* Frameworks */,
				7D4AD55224FE843500CCF299 /* Resources */,
			);
			buildRules = (
			);
			dependencies = (
			);
			name = RetroEditor;
			productName = RetroEditor;
			productReference = 7D4AD55424FE843500CCF299 /* RetroEditor.app */;
			productType = "com.apple.product-type.application";
		};
		7D4AD56924FE843700CCF299 /* RetroEditorTests */ = {
			isa = PBXNativeTarget;
			buildConfigurationList = 7D4AD57624FE843700CCF299 /* Build configuration list for PBXNativeTarget "RetroEditorTests" */;
			buildPhases = (
				7D4AD56624FE843700CCF299 /* Sources */,
				7D4AD56724FE843700CCF299 /* Frameworks */,
				7D4AD56824FE843700CCF299 /* Resources */,
			);
			buildRules = (
			);
			dependencies = (
				7D4AD56C24FE843700CCF299 /* PBXTargetDependency */,
			);
			name = RetroEditorTests;
			productName = RetroEditorTests;
			productReference = 7D4AD56A24FE843700CCF299 /* RetroEditorTests.xctest */;
			productType = "com.apple.product-type.bundle.unit-test";
		};
/* End PBXNativeTarget section */

/* Begin PBXProject section */
		7D4AD54C24FE843500CCF299 /* Project object */ = {
			isa = PBXProject;
			attributes = {
				LastSwiftUpdateCheck = 1160;
				LastUpgradeCheck = 1160;
				ORGANIZATIONNAME = "LEE HAEUN";
				TargetAttributes = {
					7D4AD55324FE843500CCF299 = {
						CreatedOnToolsVersion = 11.6;
					};
					7D4AD56924FE843700CCF299 = {
						CreatedOnToolsVersion = 11.6;
						TestTargetID = 7D4AD55324FE843500CCF299;
					};
				};
			};
			buildConfigurationList = 7D4AD54F24FE843500CCF299 /* Build configuration list for PBXProject "RetroEditor" */;
			compatibilityVersion = "Xcode 9.3";
			developmentRegion = en;
			hasScannedForEncodings = 0;
			knownRegions = (
				en,
				Base,
			);
			mainGroup = 7D4AD54B24FE843500CCF299;
			productRefGroup = 7D4AD55524FE843500CCF299 /* Products */;
			projectDirPath = "";
			projectRoot = "";
			targets = (
				7D4AD55324FE843500CCF299 /* RetroEditor */,
				7D4AD56924FE843700CCF299 /* RetroEditorTests */,
			);
		};
/* End PBXProject section */

/* Begin PBXResourcesBuildPhase section */
		7D4AD55224FE843500CCF299 /* Resources */ = {
			isa = PBXResourcesBuildPhase;
			buildActionMask = 2147483647;
			files = (
				7D4AD56424FE843700CCF299 /* LaunchScreen.storyboard in Resources */,
				7D4AD56124FE843700CCF299 /* Preview Assets.xcassets in Resources */,
				7D4AD55E24FE843700CCF299 /* Assets.xcassets in Resources */,
			);
			runOnlyForDeploymentPostprocessing = 0;
		};
		7D4AD56824FE843700CCF299 /* Resources */ = {
			isa = PBXResourcesBuildPhase;
			buildActionMask = 2147483647;
			files = (
			);
			runOnlyForDeploymentPostprocessing = 0;
		};
/* End PBXResourcesBuildPhase section */

/* Begin PBXSourcesBuildPhase section */
		7D4AD55024FE843500CCF299 /* Sources */ = {
			isa = PBXSourcesBuildPhase;
			buildActionMask = 2147483647;
			files = (
				7D4AD55824FE843500CCF299 /* AppDelegate.swift in Sources */,
				7DC5EF4F24FE9361005F3901 /* EdgeBorder.swift in Sources */,
				7D4AD58124FE865400CCF299 /* Color+.swift in Sources */,
				7D4AD55A24FE843500CCF299 /* SceneDelegate.swift in Sources */,
				7DC5EF5524FE9CB5005F3901 /* WindowsStyleButton.swift in Sources */,
				7DC5EF5124FE937B005F3901 /* View+.swift in Sources */,
				7D4AD57B24FE848300CCF299 /* NavigationView.swift in Sources */,
				7D4AD57D24FE84AE00CCF299 /* LoadingView.swift in Sources */,
				7D4AD55C24FE843500CCF299 /* ContentView.swift in Sources */,
			);
			runOnlyForDeploymentPostprocessing = 0;
		};
		7D4AD56624FE843700CCF299 /* Sources */ = {
			isa = PBXSourcesBuildPhase;
			buildActionMask = 2147483647;
			files = (
				7D4AD56F24FE843700CCF299 /* RetroEditorTests.swift in Sources */,
			);
			runOnlyForDeploymentPostprocessing = 0;
		};
/* End PBXSourcesBuildPhase section */

/* Begin PBXTargetDependency section */
		7D4AD56C24FE843700CCF299 /* PBXTargetDependency */ = {
			isa = PBXTargetDependency;
			target = 7D4AD55324FE843500CCF299 /* RetroEditor */;
			targetProxy = 7D4AD56B24FE843700CCF299 /* PBXContainerItemProxy */;
		};
/* End PBXTargetDependency section */

/* Begin PBXVariantGroup section */
		7D4AD56224FE843700CCF299 /* LaunchScreen.storyboard */ = {
			isa = PBXVariantGroup;
			children = (
				7D4AD56324FE843700CCF299 /* Base */,
			);
			name = LaunchScreen.storyboard;
			sourceTree = "<group>";
		};
/* End PBXVariantGroup section */

/* Begin XCBuildConfiguration section */
		7D4AD57124FE843700CCF299 /* Debug */ = {
			isa = XCBuildConfiguration;
			buildSettings = {
				ALWAYS_SEARCH_USER_PATHS = NO;
				CLANG_ANALYZER_NONNULL = YES;
				CLANG_ANALYZER_NUMBER_OBJECT_CONVERSION = YES_AGGRESSIVE;
				CLANG_CXX_LANGUAGE_STANDARD = "gnu++14";
				CLANG_CXX_LIBRARY = "libc++";
				CLANG_ENABLE_MODULES = YES;
				CLANG_ENABLE_OBJC_ARC = YES;
				CLANG_ENABLE_OBJC_WEAK = YES;
				CLANG_WARN_BLOCK_CAPTURE_AUTORELEASING = YES;
				CLANG_WARN_BOOL_CONVERSION = YES;
				CLANG_WARN_COMMA = YES;
				CLANG_WARN_CONSTANT_CONVERSION = YES;
				CLANG_WARN_DEPRECATED_OBJC_IMPLEMENTATIONS = YES;
				CLANG_WARN_DIRECT_OBJC_ISA_USAGE = YES_ERROR;
				CLANG_WARN_DOCUMENTATION_COMMENTS = YES;
				CLANG_WARN_EMPTY_BODY = YES;
				CLANG_WARN_ENUM_CONVERSION = YES;
				CLANG_WARN_INFINITE_RECURSION = YES;
				CLANG_WARN_INT_CONVERSION = YES;
				CLANG_WARN_NON_LITERAL_NULL_CONVERSION = YES;
				CLANG_WARN_OBJC_IMPLICIT_RETAIN_SELF = YES;
				CLANG_WARN_OBJC_LITERAL_CONVERSION = YES;
				CLANG_WARN_OBJC_ROOT_CLASS = YES_ERROR;
				CLANG_WARN_RANGE_LOOP_ANALYSIS = YES;
				CLANG_WARN_STRICT_PROTOTYPES = YES;
				CLANG_WARN_SUSPICIOUS_MOVE = YES;
				CLANG_WARN_UNGUARDED_AVAILABILITY = YES_AGGRESSIVE;
				CLANG_WARN_UNREACHABLE_CODE = YES;
				CLANG_WARN__DUPLICATE_METHOD_MATCH = YES;
				COPY_PHASE_STRIP = NO;
				DEBUG_INFORMATION_FORMAT = dwarf;
				ENABLE_STRICT_OBJC_MSGSEND = YES;
				ENABLE_TESTABILITY = YES;
				GCC_C_LANGUAGE_STANDARD = gnu11;
				GCC_DYNAMIC_NO_PIC = NO;
				GCC_NO_COMMON_BLOCKS = YES;
				GCC_OPTIMIZATION_LEVEL = 0;
				GCC_PREPROCESSOR_DEFINITIONS = (
					"DEBUG=1",
					"$(inherited)",
				);
				GCC_WARN_64_TO_32_BIT_CONVERSION = YES;
				GCC_WARN_ABOUT_RETURN_TYPE = YES_ERROR;
				GCC_WARN_UNDECLARED_SELECTOR = YES;
				GCC_WARN_UNINITIALIZED_AUTOS = YES_AGGRESSIVE;
				GCC_WARN_UNUSED_FUNCTION = YES;
				GCC_WARN_UNUSED_VARIABLE = YES;
				IPHONEOS_DEPLOYMENT_TARGET = 13.6;
				MTL_ENABLE_DEBUG_INFO = INCLUDE_SOURCE;
				MTL_FAST_MATH = YES;
				ONLY_ACTIVE_ARCH = YES;
				SDKROOT = iphoneos;
				SWIFT_ACTIVE_COMPILATION_CONDITIONS = DEBUG;
				SWIFT_OPTIMIZATION_LEVEL = "-Onone";
			};
			name = Debug;
		};
		7D4AD57224FE843700CCF299 /* Release */ = {
			isa = XCBuildConfiguration;
			buildSettings = {
				ALWAYS_SEARCH_USER_PATHS = NO;
				CLANG_ANALYZER_NONNULL = YES;
				CLANG_ANALYZER_NUMBER_OBJECT_CONVERSION = YES_AGGRESSIVE;
				CLANG_CXX_LANGUAGE_STANDARD = "gnu++14";
				CLANG_CXX_LIBRARY = "libc++";
				CLANG_ENABLE_MODULES = YES;
				CLANG_ENABLE_OBJC_ARC = YES;
				CLANG_ENABLE_OBJC_WEAK = YES;
				CLANG_WARN_BLOCK_CAPTURE_AUTORELEASING = YES;
				CLANG_WARN_BOOL_CONVERSION = YES;
				CLANG_WARN_COMMA = YES;
				CLANG_WARN_CONSTANT_CONVERSION = YES;
				CLANG_WARN_DEPRECATED_OBJC_IMPLEMENTATIONS = YES;
				CLANG_WARN_DIRECT_OBJC_ISA_USAGE = YES_ERROR;
				CLANG_WARN_DOCUMENTATION_COMMENTS = YES;
				CLANG_WARN_EMPTY_BODY = YES;
				CLANG_WARN_ENUM_CONVERSION = YES;
				CLANG_WARN_INFINITE_RECURSION = YES;
				CLANG_WARN_INT_CONVERSION = YES;
				CLANG_WARN_NON_LITERAL_NULL_CONVERSION = YES;
				CLANG_WARN_OBJC_IMPLICIT_RETAIN_SELF = YES;
				CLANG_WARN_OBJC_LITERAL_CONVERSION = YES;
				CLANG_WARN_OBJC_ROOT_CLASS = YES_ERROR;
				CLANG_WARN_RANGE_LOOP_ANALYSIS = YES;
				CLANG_WARN_STRICT_PROTOTYPES = YES;
				CLANG_WARN_SUSPICIOUS_MOVE = YES;
				CLANG_WARN_UNGUARDED_AVAILABILITY = YES_AGGRESSIVE;
				CLANG_WARN_UNREACHABLE_CODE = YES;
				CLANG_WARN__DUPLICATE_METHOD_MATCH = YES;
				COPY_PHASE_STRIP = NO;
				DEBUG_INFORMATION_FORMAT = "dwarf-with-dsym";
				ENABLE_NS_ASSERTIONS = NO;
				ENABLE_STRICT_OBJC_MSGSEND = YES;
				GCC_C_LANGUAGE_STANDARD = gnu11;
				GCC_NO_COMMON_BLOCKS = YES;
				GCC_WARN_64_TO_32_BIT_CONVERSION = YES;
				GCC_WARN_ABOUT_RETURN_TYPE = YES_ERROR;
				GCC_WARN_UNDECLARED_SELECTOR = YES;
				GCC_WARN_UNINITIALIZED_AUTOS = YES_AGGRESSIVE;
				GCC_WARN_UNUSED_FUNCTION = YES;
				GCC_WARN_UNUSED_VARIABLE = YES;
				IPHONEOS_DEPLOYMENT_TARGET = 13.6;
				MTL_ENABLE_DEBUG_INFO = NO;
				MTL_FAST_MATH = YES;
				SDKROOT = iphoneos;
				SWIFT_COMPILATION_MODE = wholemodule;
				SWIFT_OPTIMIZATION_LEVEL = "-O";
				VALIDATE_PRODUCT = YES;
			};
			name = Release;
		};
		7D4AD57424FE843700CCF299 /* Debug */ = {
			isa = XCBuildConfiguration;
			buildSettings = {
				ASSETCATALOG_COMPILER_APPICON_NAME = AppIcon;
				CODE_SIGN_STYLE = Automatic;
				DEVELOPMENT_ASSET_PATHS = "\"RetroEditor/Preview Content\"";
				DEVELOPMENT_TEAM = L47YWQ7AFX;
				ENABLE_PREVIEWS = YES;
				INFOPLIST_FILE = RetroEditor/Info.plist;
				LD_RUNPATH_SEARCH_PATHS = (
					"$(inherited)",
					"@executable_path/Frameworks",
				);
				PRODUCT_BUNDLE_IDENTIFIER = "LEE-HAEUN.RetroEditor";
				PRODUCT_NAME = "$(TARGET_NAME)";
				SWIFT_VERSION = 5.0;
				TARGETED_DEVICE_FAMILY = "1,2";
			};
			name = Debug;
		};
		7D4AD57524FE843700CCF299 /* Release */ = {
			isa = XCBuildConfiguration;
			buildSettings = {
				ASSETCATALOG_COMPILER_APPICON_NAME = AppIcon;
				CODE_SIGN_STYLE = Automatic;
				DEVELOPMENT_ASSET_PATHS = "\"RetroEditor/Preview Content\"";
				DEVELOPMENT_TEAM = L47YWQ7AFX;
				ENABLE_PREVIEWS = YES;
				INFOPLIST_FILE = RetroEditor/Info.plist;
				LD_RUNPATH_SEARCH_PATHS = (
					"$(inherited)",
					"@executable_path/Frameworks",
				);
				PRODUCT_BUNDLE_IDENTIFIER = "LEE-HAEUN.RetroEditor";
				PRODUCT_NAME = "$(TARGET_NAME)";
				SWIFT_VERSION = 5.0;
				TARGETED_DEVICE_FAMILY = "1,2";
			};
			name = Release;
		};
		7D4AD57724FE843700CCF299 /* Debug */ = {
			isa = XCBuildConfiguration;
			buildSettings = {
				ALWAYS_EMBED_SWIFT_STANDARD_LIBRARIES = YES;
				BUNDLE_LOADER = "$(TEST_HOST)";
				CODE_SIGN_STYLE = Automatic;
				DEVELOPMENT_TEAM = L47YWQ7AFX;
				INFOPLIST_FILE = RetroEditorTests/Info.plist;
				IPHONEOS_DEPLOYMENT_TARGET = 13.6;
				LD_RUNPATH_SEARCH_PATHS = (
					"$(inherited)",
					"@executable_path/Frameworks",
					"@loader_path/Frameworks",
				);
				PRODUCT_BUNDLE_IDENTIFIER = "LEE-HAEUN.RetroEditorTests";
				PRODUCT_NAME = "$(TARGET_NAME)";
				SWIFT_VERSION = 5.0;
				TARGETED_DEVICE_FAMILY = "1,2";
				TEST_HOST = "$(BUILT_PRODUCTS_DIR)/RetroEditor.app/RetroEditor";
			};
			name = Debug;
		};
		7D4AD57824FE843700CCF299 /* Release */ = {
			isa = XCBuildConfiguration;
			buildSettings = {
				ALWAYS_EMBED_SWIFT_STANDARD_LIBRARIES = YES;
				BUNDLE_LOADER = "$(TEST_HOST)";
				CODE_SIGN_STYLE = Automatic;
				DEVELOPMENT_TEAM = L47YWQ7AFX;
				INFOPLIST_FILE = RetroEditorTests/Info.plist;
				IPHONEOS_DEPLOYMENT_TARGET = 13.6;
				LD_RUNPATH_SEARCH_PATHS = (
					"$(inherited)",
					"@executable_path/Frameworks",
					"@loader_path/Frameworks",
				);
				PRODUCT_BUNDLE_IDENTIFIER = "LEE-HAEUN.RetroEditorTests";
				PRODUCT_NAME = "$(TARGET_NAME)";
				SWIFT_VERSION = 5.0;
				TARGETED_DEVICE_FAMILY = "1,2";
				TEST_HOST = "$(BUILT_PRODUCTS_DIR)/RetroEditor.app/RetroEditor";
			};
			name = Release;
		};
/* End XCBuildConfiguration section */

/* Begin XCConfigurationList section */
		7D4AD54F24FE843500CCF299 /* Build configuration list for PBXProject "RetroEditor" */ = {
			isa = XCConfigurationList;
			buildConfigurations = (
				7D4AD57124FE843700CCF299 /* Debug */,
				7D4AD57224FE843700CCF299 /* Release */,
			);
			defaultConfigurationIsVisible = 0;
			defaultConfigurationName = Release;
		};
		7D4AD57324FE843700CCF299 /* Build configuration list for PBXNativeTarget "RetroEditor" */ = {
			isa = XCConfigurationList;
			buildConfigurations = (
				7D4AD57424FE843700CCF299 /* Debug */,
				7D4AD57524FE843700CCF299 /* Release */,
			);
			defaultConfigurationIsVisible = 0;
			defaultConfigurationName = Release;
		};
		7D4AD57624FE843700CCF299 /* Build configuration list for PBXNativeTarget "RetroEditorTests" */ = {
			isa = XCConfigurationList;
			buildConfigurations = (
				7D4AD57724FE843700CCF299 /* Debug */,
				7D4AD57824FE843700CCF299 /* Release */,
			);
			defaultConfigurationIsVisible = 0;
			defaultConfigurationName = Release;
		};
/* End XCConfigurationList section */
	};
	rootObject = 7D4AD54C24FE843500CCF299 /* Project object */;
}
