{
  "object": {
    "pins": [
      {
        "package": "Sliders",
        "repositoryURL": "https://github.com/spacenation/swiftui-sliders.git",
        "state": {
          "branch": null,
          "revision": "5109792d45a53c3c41680b8bdb0602b5dde39c9a",
          "version": "1.0.0"
        }
      },
      {
        "package": "SwiftUICam",
        "repositoryURL": "https://github.com/pierreveron/SwiftUICam",
        "state": {
          "branch": "master",
          "revision": "6e85adae49b26d734bf3810b6d237d2688cc976a",
          "version": null
        }
      }
    ]
  },
  "version": 1
}
